// !$*UTF8*$!
{
	archiveVersion = 1;
	classes = {
	};
	objectVersion = 50;
	objects = {

/* Begin PBXBuildFile section */
		BA421E462354F6AA005C9397 /* AppDelegate.swift in Sources */ = {isa = PBXBuildFile; fileRef = BA421E452354F6AA005C9397 /* AppDelegate.swift */; };
		BA421E482354F6AA005C9397 /* SceneDelegate.swift in Sources */ = {isa = PBXBuildFile; fileRef = BA421E472354F6AA005C9397 /* SceneDelegate.swift */; };
		BA421E4A2354F6AA005C9397 /* ViewController.swift in Sources */ = {isa = PBXBuildFile; fileRef = BA421E492354F6AA005C9397 /* ViewController.swift */; };
		BA421E4D2354F6AA005C9397 /* Main.storyboard in Resources */ = {isa = PBXBuildFile; fileRef = BA421E4B2354F6AA005C9397 /* Main.storyboard */; };
		BA421E4F2354F6AC005C9397 /* Assets.xcassets in Resources */ = {isa = PBXBuildFile; fileRef = BA421E4E2354F6AC005C9397 /* Assets.xcassets */; };
		BA421E522354F6AC005C9397 /* LaunchScreen.storyboard in Resources */ = {isa = PBXBuildFile; fileRef = BA421E502354F6AC005C9397 /* LaunchScreen.storyboard */; };
/* End PBXBuildFile section */

/* Begin PBXFileReference section */
		BA421E422354F6AA005C9397 /* NVISION.app */ = {isa = PBXFileReference; explicitFileType = wrapper.application; includeInIndex = 0; path = NVISION.app; sourceTree = BUILT_PRODUCTS_DIR; };
		BA421E452354F6AA005C9397 /* AppDelegate.swift */ = {isa = PBXFileReference; lastKnownFileType = sourcecode.swift; path = AppDelegate.swift; sourceTree = "<group>"; };
		BA421E472354F6AA005C9397 /* SceneDelegate.swift */ = {isa = PBXFileReference; lastKnownFileType = sourcecode.swift; path = SceneDelegate.swift; sourceTree = "<group>"; };
		BA421E492354F6AA005C9397 /* ViewController.swift */ = {isa = PBXFileReference; lastKnownFileType = sourcecode.swift; path = ViewController.swift; sourceTree = "<group>"; };
		BA421E4C2354F6AA005C9397 /* Base */ = {isa = PBXFileReference; lastKnownFileType = file.storyboard; name = Base; path = Base.lproj/Main.storyboard; sourceTree = "<group>"; };
		BA421E4E2354F6AC005C9397 /* Assets.xcassets */ = {isa = PBXFileReference; lastKnownFileType = folder.assetcatalog; path = Assets.xcassets; sourceTree = "<group>"; };
		BA421E512354F6AC005C9397 /* Base */ = {isa = PBXFileReference; lastKnownFileType = file.storyboard; name = Base; path = Base.lproj/LaunchScreen.storyboard; sourceTree = "<group>"; };
		BA421E532354F6AC005C9397 /* Info.plist */ = {isa = PBXFileReference; lastKnownFileType = text.plist.xml; path = Info.plist; sourceTree = "<group>"; };
/* End PBXFileReference section */

/* Begin PBXFrameworksBuildPhase section */
		BA421E3F2354F6AA005C9397 /* Frameworks */ = {
			isa = PBXFrameworksBuildPhase;
			buildActionMask = 2147483647;
			files = (
			);
			runOnlyForDeploymentPostprocessing = 0;
		};
/* End PBXFrameworksBuildPhase section */

/* Begin PBXGroup section */
		BA421E392354F6AA005C9397 = {
			isa = PBXGroup;
			children = (
				BA421E442354F6AA005C9397 /* N_VISION */,
				BA421E432354F6AA005C9397 /* Products */,
			);
			sourceTree = "<group>";
		};
		BA421E432354F6AA005C9397 /* Products */ = {
			isa = PBXGroup;
			children = (
				BA421E422354F6AA005C9397 /* NVISION.app */,
			);
			name = Products;
			sourceTree = "<group>";
		};
		BA421E442354F6AA005C9397 /* N_VISION */ = {
			isa = PBXGroup;
			children = (
				BA421E452354F6AA005C9397 /* AppDelegate.swift */,
				BA421E472354F6AA005C9397 /* SceneDelegate.swift */,
				BA421E492354F6AA005C9397 /* ViewController.swift */,
				BA421E4B2354F6AA005C9397 /* Main.storyboard */,
				BA421E4E2354F6AC005C9397 /* Assets.xcassets */,
				BA421E502354F6AC005C9397 /* LaunchScreen.storyboard */,
				BA421E532354F6AC005C9397 /* Info.plist */,
			);
			path = N_VISION;
			sourceTree = "<group>";
		};
/* End PBXGroup section */

/* Begin PBXNativeTarget section */
		BA421E412354F6AA005C9397 /* N_VISION */ = {
			isa = PBXNativeTarget;
			buildConfigurationList = BA421E562354F6AC005C9397 /* Build configuration list for PBXNativeTarget "N_VISION" */;
			buildPhases = (
				BA421E3E2354F6AA005C9397 /* Sources */,
				BA421E3F2354F6AA005C9397 /* Frameworks */,
				BA421E402354F6AA005C9397 /* Resources */,
			);
			buildRules = (
			);
			dependencies = (
			);
			name = N_VISION;
			productName = N_VISION;
			productReference = BA421E422354F6AA005C9397 /* NVISION.app */;
			productType = "com.apple.product-type.application";
		};
/* End PBXNativeTarget section */

/* Begin PBXProject section */
		BA421E3A2354F6AA005C9397 /* Project object */ = {
			isa = PBXProject;
			attributes = {
				LastSwiftUpdateCheck = 1100;
				LastUpgradeCheck = 1100;
				ORGANIZATIONNAME = "ERIC WITOWSKI";
				TargetAttributes = {
					BA421E412354F6AA005C9397 = {
						CreatedOnToolsVersion = 11.0;
					};
				};
			};
			buildConfigurationList = BA421E3D2354F6AA005C9397 /* Build configuration list for PBXProject "N_VISION" */;
			compatibilityVersion = "Xcode 9.3";
			developmentRegion = en;
			hasScannedForEncodings = 0;
			knownRegions = (
				en,
				Base,
			);
			mainGroup = BA421E392354F6AA005C9397;
			productRefGroup = BA421E432354F6AA005C9397 /* Products */;
			projectDirPath = "";
			projectRoot = "";
			targets = (
				BA421E412354F6AA005C9397 /* N_VISION */,
			);
		};
/* End PBXProject section */

/* Begin PBXResourcesBuildPhase section */
		BA421E402354F6AA005C9397 /* Resources */ = {
			isa = PBXResourcesBuildPhase;
			buildActionMask = 2147483647;
			files = (
				BA421E522354F6AC005C9397 /* LaunchScreen.storyboard in Resources */,
				BA421E4F2354F6AC005C9397 /* Assets.xcassets in Resources */,
				BA421E4D2354F6AA005C9397 /* Main.storyboard in Resources */,
			);
			runOnlyForDeploymentPostprocessing = 0;
		};
/* End PBXResourcesBuildPhase section */

/* Begin PBXSourcesBuildPhase section */
		BA421E3E2354F6AA005C9397 /* Sources */ = {
			isa = PBXSourcesBuildPhase;
			buildActionMask = 2147483647;
			files = (
				BA421E4A2354F6AA005C9397 /* ViewController.swift in Sources */,
				BA421E462354F6AA005C9397 /* AppDelegate.swift in Sources */,
				BA421E482354F6AA005C9397 /* SceneDelegate.swift in Sources */,
			);
			runOnlyForDeploymentPostprocessing = 0;
		};
/* End PBXSourcesBuildPhase section */

/* Begin PBXVariantGroup section */
		BA421E4B2354F6AA005C9397 /* Main.storyboard */ = {
			isa = PBXVariantGroup;
			children = (
				BA421E4C2354F6AA005C9397 /* Base */,
			);
			name = Main.storyboard;
			sourceTree = "<group>";
		};
		BA421E502354F6AC005C9397 /* LaunchScreen.storyboard */ = {
			isa = PBXVariantGroup;
			children = (
				BA421E512354F6AC005C9397 /* Base */,
			);
			name = LaunchScreen.storyboard;
			sourceTree = "<group>";
		};
/* End PBXVariantGroup section */

/* Begin XCBuildConfiguration section */
		BA421E542354F6AC005C9397 /* Debug */ = {
			isa = XCBuildConfiguration;
			buildSettings = {
				ALWAYS_SEARCH_USER_PATHS = NO;
				CLANG_ANALYZER_NONNULL = YES;
				CLANG_ANALYZER_NUMBER_OBJECT_CONVERSION = YES_AGGRESSIVE;
				CLANG_CXX_LANGUAGE_STANDARD = "gnu++14";
				CLANG_CXX_LIBRARY = "libc++";
				CLANG_ENABLE_MODULES = YES;
				CLANG_ENABLE_OBJC_ARC = YES;
				CLANG_ENABLE_OBJC_WEAK = YES;
				CLANG_WARN_BLOCK_CAPTURE_AUTORELEASING = YES;
				CLANG_WARN_BOOL_CONVERSION = YES;
				CLANG_WARN_COMMA = YES;
				CLANG_WARN_CONSTANT_CONVERSION = YES;
				CLANG_WARN_DEPRECATED_OBJC_IMPLEMENTATIONS = YES;
				CLANG_WARN_DIRECT_OBJC_ISA_USAGE = YES_ERROR;
				CLANG_WARN_DOCUMENTATION_COMMENTS = YES;
				CLANG_WARN_EMPTY_BODY = YES;
				CLANG_WARN_ENUM_CONVERSION = YES;
				CLANG_WARN_INFINITE_RECURSION = YES;
				CLANG_WARN_INT_CONVERSION = YES;
				CLANG_WARN_NON_LITERAL_NULL_CONVERSION = YES;
				CLANG_WARN_OBJC_IMPLICIT_RETAIN_SELF = YES;
				CLANG_WARN_OBJC_LITERAL_CONVERSION = YES;
				CLANG_WARN_OBJC_ROOT_CLASS = YES_ERROR;
				CLANG_WARN_RANGE_LOOP_ANALYSIS = YES;
				CLANG_WARN_STRICT_PROTOTYPES = YES;
				CLANG_WARN_SUSPICIOUS_MOVE = YES;
				CLANG_WARN_UNGUARDED_AVAILABILITY = YES_AGGRESSIVE;
				CLANG_WARN_UNREACHABLE_CODE = YES;
				CLANG_WARN__DUPLICATE_METHOD_MATCH = YES;
				COPY_PHASE_STRIP = NO;
				DEBUG_INFORMATION_FORMAT = dwarf;
				ENABLE_STRICT_OBJC_MSGSEND = YES;
				ENABLE_TESTABILITY = YES;
				GCC_C_LANGUAGE_STANDARD = gnu11;
				GCC_DYNAMIC_NO_PIC = NO;
				GCC_NO_COMMON_BLOCKS = YES;
				GCC_OPTIMIZATION_LEVEL = 0;
				GCC_PREPROCESSOR_DEFINITIONS = (
					"DEBUG=1",
					"$(inherited)",
				);
				GCC_WARN_64_TO_32_BIT_CONVERSION = YES;
				GCC_WARN_ABOUT_RETURN_TYPE = YES_ERROR;
				GCC_WARN_UNDECLARED_SELECTOR = YES;
				GCC_WARN_UNINITIALIZED_AUTOS = YES_AGGRESSIVE;
				GCC_WARN_UNUSED_FUNCTION = YES;
				GCC_WARN_UNUSED_VARIABLE = YES;
				IPHONEOS_DEPLOYMENT_TARGET = 13.0;
				MTL_ENABLE_DEBUG_INFO = INCLUDE_SOURCE;
				MTL_FAST_MATH = YES;
				ONLY_ACTIVE_ARCH = YES;
				SDKROOT = iphoneos;
				SWIFT_ACTIVE_COMPILATION_CONDITIONS = DEBUG;
				SWIFT_OPTIMIZATION_LEVEL = "-Onone";
			};
			name = Debug;
		};
		BA421E552354F6AC005C9397 /* Release */ = {
			isa = XCBuildConfiguration;
			buildSettings = {
				ALWAYS_SEARCH_USER_PATHS = NO;
				CLANG_ANALYZER_NONNULL = YES;
				CLANG_ANALYZER_NUMBER_OBJECT_CONVERSION = YES_AGGRESSIVE;
				CLANG_CXX_LANGUAGE_STANDARD = "gnu++14";
				CLANG_CXX_LIBRARY = "libc++";
				CLANG_ENABLE_MODULES = YES;
				CLANG_ENABLE_OBJC_ARC = YES;
				CLANG_ENABLE_OBJC_WEAK = YES;
				CLANG_WARN_BLOCK_CAPTURE_AUTORELEASING = YES;
				CLANG_WARN_BOOL_CONVERSION = YES;
				CLANG_WARN_COMMA = YES;
				CLANG_WARN_CONSTANT_CONVERSION = YES;
				CLANG_WARN_DEPRECATED_OBJC_IMPLEMENTATIONS = YES;
				CLANG_WARN_DIRECT_OBJC_ISA_USAGE = YES_ERROR;
				CLANG_WARN_DOCUMENTATION_COMMENTS = YES;
				CLANG_WARN_EMPTY_BODY = YES;
				CLANG_WARN_ENUM_CONVERSION = YES;
				CLANG_WARN_INFINITE_RECURSION = YES;
				CLANG_WARN_INT_CONVERSION = YES;
				CLANG_WARN_NON_LITERAL_NULL_CONVERSION = YES;
				CLANG_WARN_OBJC_IMPLICIT_RETAIN_SELF = YES;
				CLANG_WARN_OBJC_LITERAL_CONVERSION = YES;
				CLANG_WARN_OBJC_ROOT_CLASS = YES_ERROR;
				CLANG_WARN_RANGE_LOOP_ANALYSIS = YES;
				CLANG_WARN_STRICT_PROTOTYPES = YES;
				CLANG_WARN_SUSPICIOUS_MOVE = YES;
				CLANG_WARN_UNGUARDED_AVAILABILITY = YES_AGGRESSIVE;
				CLANG_WARN_UNREACHABLE_CODE = YES;
				CLANG_WARN__DUPLICATE_METHOD_MATCH = YES;
				COPY_PHASE_STRIP = NO;
				DEBUG_INFORMATION_FORMAT = "dwarf-with-dsym";
				ENABLE_NS_ASSERTIONS = NO;
				ENABLE_STRICT_OBJC_MSGSEND = YES;
				GCC_C_LANGUAGE_STANDARD = gnu11;
				GCC_NO_COMMON_BLOCKS = YES;
				GCC_WARN_64_TO_32_BIT_CONVERSION = YES;
				GCC_WARN_ABOUT_RETURN_TYPE = YES_ERROR;
				GCC_WARN_UNDECLARED_SELECTOR = YES;
				GCC_WARN_UNINITIALIZED_AUTOS = YES_AGGRESSIVE;
				GCC_WARN_UNUSED_FUNCTION = YES;
				GCC_WARN_UNUSED_VARIABLE = YES;
				IPHONEOS_DEPLOYMENT_TARGET = 13.0;
				MTL_ENABLE_DEBUG_INFO = NO;
				MTL_FAST_MATH = YES;
				SDKROOT = iphoneos;
				SWIFT_COMPILATION_MODE = wholemodule;
				SWIFT_OPTIMIZATION_LEVEL = "-O";
				VALIDATE_PRODUCT = YES;
			};
			name = Release;
		};
		BA421E572354F6AC005C9397 /* Debug */ = {
			isa = XCBuildConfiguration;
			buildSettings = {
				ASSETCATALOG_COMPILER_APPICON_NAME = AppIcon;
				CODE_SIGN_STYLE = Automatic;
				CURRENT_PROJECT_VERSION = 7;
				DEVELOPMENT_TEAM = NX7C2QWX95;
				INFOPLIST_FILE = N_VISION/Info.plist;
				LD_RUNPATH_SEARCH_PATHS = (
					"$(inherited)",
					"@executable_path/Frameworks",
				);
				MARKETING_VERSION = 1.0.7;
				PRODUCT_BUNDLE_IDENTIFIER = com.eacwitowski.NVISION;
				PRODUCT_NAME = NVISION;
				SWIFT_VERSION = 5.0;
				TARGETED_DEVICE_FAMILY = 1;
			};
			name = Debug;
		};
		BA421E582354F6AC005C9397 /* Release */ = {
			isa = XCBuildConfiguration;
			buildSettings = {
				ASSETCATALOG_COMPILER_APPICON_NAME = AppIcon;
				CODE_SIGN_STYLE = Automatic;
				CURRENT_PROJECT_VERSION = 7;
				DEVELOPMENT_TEAM = NX7C2QWX95;
				INFOPLIST_FILE = N_VISION/Info.plist;
				LD_RUNPATH_SEARCH_PATHS = (
					"$(inherited)",
					"@executable_path/Frameworks",
				);
				MARKETING_VERSION = 1.0.7;
				PRODUCT_BUNDLE_IDENTIFIER = com.eacwitowski.NVISION;
				PRODUCT_NAME = NVISION;
				SWIFT_VERSION = 5.0;
				TARGETED_DEVICE_FAMILY = 1;
			};
			name = Release;
		};
/* End XCBuildConfiguration section */

/* Begin XCConfigurationList section */
		BA421E3D2354F6AA005C9397 /* Build configuration list for PBXProject "N_VISION" */ = {
			isa = XCConfigurationList;
			buildConfigurations = (
				BA421E542354F6AC005C9397 /* Debug */,
				BA421E552354F6AC005C9397 /* Release */,
			);
			defaultConfigurationIsVisible = 0;
			defaultConfigurationName = Release;
		};
		BA421E562354F6AC005C9397 /* Build configuration list for PBXNativeTarget "N_VISION" */ = {
			isa = XCConfigurationList;
			buildConfigurations = (
				BA421E572354F6AC005C9397 /* Debug */,
				BA421E582354F6AC005C9397 /* Release */,
			);
			defaultConfigurationIsVisible = 0;
			defaultConfigurationName = Release;
		};
/* End XCConfigurationList section */
	};
	rootObject = BA421E3A2354F6AA005C9397 /* Project object */;
}
